// !$*UTF8*$!
{
	archiveVersion = 1;
	classes = {
	};
	objectVersion = 46;
	objects = {

/* Begin PBXBuildFile section */
		074CC8A119F2D39B002742A9 /* FactBook.swift in Sources */ = {isa = PBXBuildFile; fileRef = 074CC8A019F2D39B002742A9 /* FactBook.swift */; };
		074CC8A319F300A8002742A9 /* ColorWheel.swift in Sources */ = {isa = PBXBuildFile; fileRef = 074CC8A219F300A8002742A9 /* ColorWheel.swift */; };
		07B705AC19F1BEBE00612EA5 /* AppDelegate.swift in Sources */ = {isa = PBXBuildFile; fileRef = 07B705AB19F1BEBE00612EA5 /* AppDelegate.swift */; };
		07B705AE19F1BEBE00612EA5 /* ViewController.swift in Sources */ = {isa = PBXBuildFile; fileRef = 07B705AD19F1BEBE00612EA5 /* ViewController.swift */; };
		07B705B119F1BEBE00612EA5 /* Main.storyboard in Resources */ = {isa = PBXBuildFile; fileRef = 07B705AF19F1BEBE00612EA5 /* Main.storyboard */; };
		07B705B319F1BEBE00612EA5 /* Images.xcassets in Resources */ = {isa = PBXBuildFile; fileRef = 07B705B219F1BEBE00612EA5 /* Images.xcassets */; };
		07B705B619F1BEBE00612EA5 /* LaunchScreen.xib in Resources */ = {isa = PBXBuildFile; fileRef = 07B705B419F1BEBE00612EA5 /* LaunchScreen.xib */; };
		07B705C219F1BEBE00612EA5 /* FunFactsTests.swift in Sources */ = {isa = PBXBuildFile; fileRef = 07B705C119F1BEBE00612EA5 /* FunFactsTests.swift */; };
/* End PBXBuildFile section */

/* Begin PBXContainerItemProxy section */
		07B705BC19F1BEBE00612EA5 /* PBXContainerItemProxy */ = {
			isa = PBXContainerItemProxy;
			containerPortal = 07B7059E19F1BEBE00612EA5 /* Project object */;
			proxyType = 1;
			remoteGlobalIDString = 07B705A519F1BEBE00612EA5;
			remoteInfo = FunFacts;
		};
/* End PBXContainerItemProxy section */

/* Begin PBXFileReference section */
		074CC8A019F2D39B002742A9 /* FactBook.swift */ = {isa = PBXFileReference; fileEncoding = 4; lastKnownFileType = sourcecode.swift; path = FactBook.swift; sourceTree = "<group>"; };
		074CC8A219F300A8002742A9 /* ColorWheel.swift */ = {isa = PBXFileReference; fileEncoding = 4; lastKnownFileType = sourcecode.swift; path = ColorWheel.swift; sourceTree = "<group>"; };
		07B705A619F1BEBE00612EA5 /* FunFacts.app */ = {isa = PBXFileReference; explicitFileType = wrapper.application; includeInIndex = 0; path = FunFacts.app; sourceTree = BUILT_PRODUCTS_DIR; };
		07B705AA19F1BEBE00612EA5 /* Info.plist */ = {isa = PBXFileReference; lastKnownFileType = text.plist.xml; path = Info.plist; sourceTree = "<group>"; };
		07B705AB19F1BEBE00612EA5 /* AppDelegate.swift */ = {isa = PBXFileReference; lastKnownFileType = sourcecode.swift; path = AppDelegate.swift; sourceTree = "<group>"; };
		07B705AD19F1BEBE00612EA5 /* ViewController.swift */ = {isa = PBXFileReference; lastKnownFileType = sourcecode.swift; path = ViewController.swift; sourceTree = "<group>"; };
		07B705B019F1BEBE00612EA5 /* Base */ = {isa = PBXFileReference; lastKnownFileType = file.storyboard; name = Base; path = Base.lproj/Main.storyboard; sourceTree = "<group>"; };
		07B705B219F1BEBE00612EA5 /* Images.xcassets */ = {isa = PBXFileReference; lastKnownFileType = folder.assetcatalog; path = Images.xcassets; sourceTree = "<group>"; };
		07B705B519F1BEBE00612EA5 /* Base */ = {isa = PBXFileReference; lastKnownFileType = file.xib; name = Base; path = Base.lproj/LaunchScreen.xib; sourceTree = "<group>"; };
		07B705BB19F1BEBE00612EA5 /* FunFactsTests.xctest */ = {isa = PBXFileReference; explicitFileType = wrapper.cfbundle; includeInIndex = 0; path = FunFactsTests.xctest; sourceTree = BUILT_PRODUCTS_DIR; };
		07B705C019F1BEBE00612EA5 /* Info.plist */ = {isa = PBXFileReference; lastKnownFileType = text.plist.xml; path = Info.plist; sourceTree = "<group>"; };
		07B705C119F1BEBE00612EA5 /* FunFactsTests.swift */ = {isa = PBXFileReference; lastKnownFileType = sourcecode.swift; path = FunFactsTests.swift; sourceTree = "<group>"; };
/* End PBXFileReference section */

/* Begin PBXFrameworksBuildPhase section */
		07B705A319F1BEBE00612EA5 /* Frameworks */ = {
			isa = PBXFrameworksBuildPhase;
			buildActionMask = 2147483647;
			files = (
			);
			runOnlyForDeploymentPostprocessing = 0;
		};
		07B705B819F1BEBE00612EA5 /* Frameworks */ = {
			isa = PBXFrameworksBuildPhase;
			buildActionMask = 2147483647;
			files = (
			);
			runOnlyForDeploymentPostprocessing = 0;
		};
/* End PBXFrameworksBuildPhase section */

/* Begin PBXGroup section */
		07B7059D19F1BEBE00612EA5 = {
			isa = PBXGroup;
			children = (
				07B705A819F1BEBE00612EA5 /* FunFacts */,
				07B705BE19F1BEBE00612EA5 /* FunFactsTests */,
				07B705A719F1BEBE00612EA5 /* Products */,
			);
			sourceTree = "<group>";
		};
		07B705A719F1BEBE00612EA5 /* Products */ = {
			isa = PBXGroup;
			children = (
				07B705A619F1BEBE00612EA5 /* FunFacts.app */,
				07B705BB19F1BEBE00612EA5 /* FunFactsTests.xctest */,
			);
			name = Products;
			sourceTree = "<group>";
		};
		07B705A819F1BEBE00612EA5 /* FunFacts */ = {
			isa = PBXGroup;
			children = (
				07B705AB19F1BEBE00612EA5 /* AppDelegate.swift */,
				07B705AD19F1BEBE00612EA5 /* ViewController.swift */,
				074CC8A019F2D39B002742A9 /* FactBook.swift */,
				074CC8A219F300A8002742A9 /* ColorWheel.swift */,
				07B705AF19F1BEBE00612EA5 /* Main.storyboard */,
				07B705B219F1BEBE00612EA5 /* Images.xcassets */,
				07B705B419F1BEBE00612EA5 /* LaunchScreen.xib */,
				07B705A919F1BEBE00612EA5 /* Supporting Files */,
			);
			path = FunFacts;
			sourceTree = "<group>";
		};
		07B705A919F1BEBE00612EA5 /* Supporting Files */ = {
			isa = PBXGroup;
			children = (
				07B705AA19F1BEBE00612EA5 /* Info.plist */,
			);
			name = "Supporting Files";
			sourceTree = "<group>";
		};
		07B705BE19F1BEBE00612EA5 /* FunFactsTests */ = {
			isa = PBXGroup;
			children = (
				07B705C119F1BEBE00612EA5 /* FunFactsTests.swift */,
				07B705BF19F1BEBE00612EA5 /* Supporting Files */,
			);
			path = FunFactsTests;
			sourceTree = "<group>";
		};
		07B705BF19F1BEBE00612EA5 /* Supporting Files */ = {
			isa = PBXGroup;
			children = (
				07B705C019F1BEBE00612EA5 /* Info.plist */,
			);
			name = "Supporting Files";
			sourceTree = "<group>";
		};
/* End PBXGroup section */

/* Begin PBXNativeTarget section */
		07B705A519F1BEBE00612EA5 /* FunFacts */ = {
			isa = PBXNativeTarget;
			buildConfigurationList = 07B705C519F1BEBE00612EA5 /* Build configuration list for PBXNativeTarget "FunFacts" */;
			buildPhases = (
				07B705A219F1BEBE00612EA5 /* Sources */,
				07B705A319F1BEBE00612EA5 /* Frameworks */,
				07B705A419F1BEBE00612EA5 /* Resources */,
			);
			buildRules = (
			);
			dependencies = (
			);
			name = FunFacts;
			productName = FunFacts;
			productReference = 07B705A619F1BEBE00612EA5 /* FunFacts.app */;
			productType = "com.apple.product-type.application";
		};
		07B705BA19F1BEBE00612EA5 /* FunFactsTests */ = {
			isa = PBXNativeTarget;
			buildConfigurationList = 07B705C819F1BEBE00612EA5 /* Build configuration list for PBXNativeTarget "FunFactsTests" */;
			buildPhases = (
				07B705B719F1BEBE00612EA5 /* Sources */,
				07B705B819F1BEBE00612EA5 /* Frameworks */,
				07B705B919F1BEBE00612EA5 /* Resources */,
			);
			buildRules = (
			);
			dependencies = (
				07B705BD19F1BEBE00612EA5 /* PBXTargetDependency */,
			);
			name = FunFactsTests;
			productName = FunFactsTests;
			productReference = 07B705BB19F1BEBE00612EA5 /* FunFactsTests.xctest */;
			productType = "com.apple.product-type.bundle.unit-test";
		};
/* End PBXNativeTarget section */

/* Begin PBXProject section */
		07B7059E19F1BEBE00612EA5 /* Project object */ = {
			isa = PBXProject;
			attributes = {
				LastUpgradeCheck = 0600;
				ORGANIZATIONNAME = "Sebastian Röder";
				TargetAttributes = {
					07B705A519F1BEBE00612EA5 = {
						CreatedOnToolsVersion = 6.0.1;
					};
					07B705BA19F1BEBE00612EA5 = {
						CreatedOnToolsVersion = 6.0.1;
						TestTargetID = 07B705A519F1BEBE00612EA5;
					};
				};
			};
			buildConfigurationList = 07B705A119F1BEBE00612EA5 /* Build configuration list for PBXProject "FunFacts" */;
			compatibilityVersion = "Xcode 3.2";
			developmentRegion = English;
			hasScannedForEncodings = 0;
			knownRegions = (
				en,
				Base,
			);
			mainGroup = 07B7059D19F1BEBE00612EA5;
			productRefGroup = 07B705A719F1BEBE00612EA5 /* Products */;
			projectDirPath = "";
			projectRoot = "";
			targets = (
				07B705A519F1BEBE00612EA5 /* FunFacts */,
				07B705BA19F1BEBE00612EA5 /* FunFactsTests */,
			);
		};
/* End PBXProject section */

/* Begin PBXResourcesBuildPhase section */
		07B705A419F1BEBE00612EA5 /* Resources */ = {
			isa = PBXResourcesBuildPhase;
			buildActionMask = 2147483647;
			files = (
				07B705B119F1BEBE00612EA5 /* Main.storyboard in Resources */,
				07B705B619F1BEBE00612EA5 /* LaunchScreen.xib in Resources */,
				07B705B319F1BEBE00612EA5 /* Images.xcassets in Resources */,
			);
			runOnlyForDeploymentPostprocessing = 0;
		};
		07B705B919F1BEBE00612EA5 /* Resources */ = {
			isa = PBXResourcesBuildPhase;
			buildActionMask = 2147483647;
			files = (
			);
			runOnlyForDeploymentPostprocessing = 0;
		};
/* End PBXResourcesBuildPhase section */

/* Begin PBXSourcesBuildPhase section */
		07B705A219F1BEBE00612EA5 /* Sources */ = {
			isa = PBXSourcesBuildPhase;
			buildActionMask = 2147483647;
			files = (
				074CC8A119F2D39B002742A9 /* FactBook.swift in Sources */,
				07B705AE19F1BEBE00612EA5 /* ViewController.swift in Sources */,
				07B705AC19F1BEBE00612EA5 /* AppDelegate.swift in Sources */,
				074CC8A319F300A8002742A9 /* ColorWheel.swift in Sources */,
			);
			runOnlyForDeploymentPostprocessing = 0;
		};
		07B705B719F1BEBE00612EA5 /* Sources */ = {
			isa = PBXSourcesBuildPhase;
			buildActionMask = 2147483647;
			files = (
				07B705C219F1BEBE00612EA5 /* FunFactsTests.swift in Sources */,
			);
			runOnlyForDeploymentPostprocessing = 0;
		};
/* End PBXSourcesBuildPhase section */

/* Begin PBXTargetDependency section */
		07B705BD19F1BEBE00612EA5 /* PBXTargetDependency */ = {
			isa = PBXTargetDependency;
			target = 07B705A519F1BEBE00612EA5 /* FunFacts */;
			targetProxy = 07B705BC19F1BEBE00612EA5 /* PBXContainerItemProxy */;
		};
/* End PBXTargetDependency section */

/* Begin PBXVariantGroup section */
		07B705AF19F1BEBE00612EA5 /* Main.storyboard */ = {
			isa = PBXVariantGroup;
			children = (
				07B705B019F1BEBE00612EA5 /* Base */,
			);
			name = Main.storyboard;
			sourceTree = "<group>";
		};
		07B705B419F1BEBE00612EA5 /* LaunchScreen.xib */ = {
			isa = PBXVariantGroup;
			children = (
				07B705B519F1BEBE00612EA5 /* Base */,
			);
			name = LaunchScreen.xib;
			sourceTree = "<group>";
		};
/* End PBXVariantGroup section */

/* Begin XCBuildConfiguration section */
		07B705C319F1BEBE00612EA5 /* Debug */ = {
			isa = XCBuildConfiguration;
			buildSettings = {
				ALWAYS_SEARCH_USER_PATHS = NO;
				CLANG_CXX_LANGUAGE_STANDARD = "gnu++0x";
				CLANG_CXX_LIBRARY = "libc++";
				CLANG_ENABLE_MODULES = YES;
				CLANG_ENABLE_OBJC_ARC = YES;
				CLANG_WARN_BOOL_CONVERSION = YES;
				CLANG_WARN_CONSTANT_CONVERSION = YES;
				CLANG_WARN_DIRECT_OBJC_ISA_USAGE = YES_ERROR;
				CLANG_WARN_EMPTY_BODY = YES;
				CLANG_WARN_ENUM_CONVERSION = YES;
				CLANG_WARN_INT_CONVERSION = YES;
				CLANG_WARN_OBJC_ROOT_CLASS = YES_ERROR;
				CLANG_WARN_UNREACHABLE_CODE = YES;
				CLANG_WARN__DUPLICATE_METHOD_MATCH = YES;
				"CODE_SIGN_IDENTITY[sdk=iphoneos*]" = "iPhone Developer";
				COPY_PHASE_STRIP = NO;
				ENABLE_STRICT_OBJC_MSGSEND = YES;
				GCC_C_LANGUAGE_STANDARD = gnu99;
				GCC_DYNAMIC_NO_PIC = NO;
				GCC_OPTIMIZATION_LEVEL = 0;
				GCC_PREPROCESSOR_DEFINITIONS = (
					"DEBUG=1",
					"$(inherited)",
				);
				GCC_SYMBOLS_PRIVATE_EXTERN = NO;
				GCC_WARN_64_TO_32_BIT_CONVERSION = YES;
				GCC_WARN_ABOUT_RETURN_TYPE = YES_ERROR;
				GCC_WARN_UNDECLARED_SELECTOR = YES;
				GCC_WARN_UNINITIALIZED_AUTOS = YES_AGGRESSIVE;
				GCC_WARN_UNUSED_FUNCTION = YES;
				GCC_WARN_UNUSED_VARIABLE = YES;
				IPHONEOS_DEPLOYMENT_TARGET = 8.0;
				MTL_ENABLE_DEBUG_INFO = YES;
				ONLY_ACTIVE_ARCH = YES;
				SDKROOT = iphoneos;
				SWIFT_OPTIMIZATION_LEVEL = "-Onone";
			};
			name = Debug;
		};
		07B705C419F1BEBE00612EA5 /* Release */ = {
			isa = XCBuildConfiguration;
			buildSettings = {
				ALWAYS_SEARCH_USER_PATHS = NO;
				CLANG_CXX_LANGUAGE_STANDARD = "gnu++0x";
				CLANG_CXX_LIBRARY = "libc++";
				CLANG_ENABLE_MODULES = YES;
				CLANG_ENABLE_OBJC_ARC = YES;
				CLANG_WARN_BOOL_CONVERSION = YES;
				CLANG_WARN_CONSTANT_CONVERSION = YES;
				CLANG_WARN_DIRECT_OBJC_ISA_USAGE = YES_ERROR;
				CLANG_WARN_EMPTY_BODY = YES;
				CLANG_WARN_ENUM_CONVERSION = YES;
				CLANG_WARN_INT_CONVERSION = YES;
				CLANG_WARN_OBJC_ROOT_CLASS = YES_ERROR;
				CLANG_WARN_UNREACHABLE_CODE = YES;
				CLANG_WARN__DUPLICATE_METHOD_MATCH = YES;
				"CODE_SIGN_IDENTITY[sdk=iphoneos*]" = "iPhone Developer";
				COPY_PHASE_STRIP = YES;
				ENABLE_NS_ASSERTIONS = NO;
				ENABLE_STRICT_OBJC_MSGSEND = YES;
				GCC_C_LANGUAGE_STANDARD = gnu99;
				GCC_WARN_64_TO_32_BIT_CONVERSION = YES;
				GCC_WARN_ABOUT_RETURN_TYPE = YES_ERROR;
				GCC_WARN_UNDECLARED_SELECTOR = YES;
				GCC_WARN_UNINITIALIZED_AUTOS = YES_AGGRESSIVE;
				GCC_WARN_UNUSED_FUNCTION = YES;
				GCC_WARN_UNUSED_VARIABLE = YES;
				IPHONEOS_DEPLOYMENT_TARGET = 8.0;
				MTL_ENABLE_DEBUG_INFO = NO;
				SDKROOT = iphoneos;
				VALIDATE_PRODUCT = YES;
			};
			name = Release;
		};
		07B705C619F1BEBE00612EA5 /* Debug */ = {
			isa = XCBuildConfiguration;
			buildSettings = {
				ASSETCATALOG_COMPILER_APPICON_NAME = AppIcon;
				INFOPLIST_FILE = FunFacts/Info.plist;
				LD_RUNPATH_SEARCH_PATHS = "$(inherited) @executable_path/Frameworks";
				PRODUCT_NAME = "$(TARGET_NAME)";
			};
			name = Debug;
		};
		07B705C719F1BEBE00612EA5 /* Release */ = {
			isa = XCBuildConfiguration;
			buildSettings = {
				ASSETCATALOG_COMPILER_APPICON_NAME = AppIcon;
				INFOPLIST_FILE = FunFacts/Info.plist;
				LD_RUNPATH_SEARCH_PATHS = "$(inherited) @executable_path/Frameworks";
				PRODUCT_NAME = "$(TARGET_NAME)";
			};
			name = Release;
		};
		07B705C919F1BEBE00612EA5 /* Debug */ = {
			isa = XCBuildConfiguration;
			buildSettings = {
				BUNDLE_LOADER = "$(TEST_HOST)";
				FRAMEWORK_SEARCH_PATHS = (
					"$(SDKROOT)/Developer/Library/Frameworks",
					"$(inherited)",
				);
				GCC_PREPROCESSOR_DEFINITIONS = (
					"DEBUG=1",
					"$(inherited)",
				);
				INFOPLIST_FILE = FunFactsTests/Info.plist;
				LD_RUNPATH_SEARCH_PATHS = "$(inherited) @executable_path/Frameworks @loader_path/Frameworks";
				PRODUCT_NAME = "$(TARGET_NAME)";
				TEST_HOST = "$(BUILT_PRODUCTS_DIR)/FunFacts.app/FunFacts";
			};
			name = Debug;
		};
		07B705CA19F1BEBE00612EA5 /* Release */ = {
			isa = XCBuildConfiguration;
			buildSettings = {
				BUNDLE_LOADER = "$(TEST_HOST)";
				FRAMEWORK_SEARCH_PATHS = (
					"$(SDKROOT)/Developer/Library/Frameworks",
					"$(inherited)",
				);
				INFOPLIST_FILE = FunFactsTests/Info.plist;
				LD_RUNPATH_SEARCH_PATHS = "$(inherited) @executable_path/Frameworks @loader_path/Frameworks";
				PRODUCT_NAME = "$(TARGET_NAME)";
				TEST_HOST = "$(BUILT_PRODUCTS_DIR)/FunFacts.app/FunFacts";
			};
			name = Release;
		};
/* End XCBuildConfiguration section */

/* Begin XCConfigurationList section */
		07B705A119F1BEBE00612EA5 /* Build configuration list for PBXProject "FunFacts" */ = {
			isa = XCConfigurationList;
			buildConfigurations = (
				07B705C319F1BEBE00612EA5 /* Debug */,
				07B705C419F1BEBE00612EA5 /* Release */,
			);
			defaultConfigurationIsVisible = 0;
			defaultConfigurationName = Release;
		};
		07B705C519F1BEBE00612EA5 /* Build configuration list for PBXNativeTarget "FunFacts" */ = {
			isa = XCConfigurationList;
			buildConfigurations = (
				07B705C619F1BEBE00612EA5 /* Debug */,
				07B705C719F1BEBE00612EA5 /* Release */,
			);
			defaultConfigurationIsVisible = 0;
			defaultConfigurationName = Release;
		};
		07B705C819F1BEBE00612EA5 /* Build configuration list for PBXNativeTarget "FunFactsTests" */ = {
			isa = XCConfigurationList;
			buildConfigurations = (
				07B705C919F1BEBE00612EA5 /* Debug */,
				07B705CA19F1BEBE00612EA5 /* Release */,
			);
			defaultConfigurationIsVisible = 0;
			defaultConfigurationName = Release;
		};
/* End XCConfigurationList section */
	};
	rootObject = 07B7059E19F1BEBE00612EA5 /* Project object */;
}
